// !$*UTF8*$!
{
	archiveVersion = 1;
	classes = {
	};
	objectVersion = 56;
	objects = {

/* Begin PBXBuildFile section */
		440ECB802AF812F800E6BD5C /* HapticEngine.swift in Sources */ = {isa = PBXBuildFile; fileRef = 440ECB762AF812F800E6BD5C /* HapticEngine.swift */; };
		440ECB812AF812F800E6BD5C /* RubberBanding.swift in Sources */ = {isa = PBXBuildFile; fileRef = 440ECB772AF812F800E6BD5C /* RubberBanding.swift */; };
		440ECB822AF812F800E6BD5C /* Text-Extensions.swift in Sources */ = {isa = PBXBuildFile; fileRef = 440ECB792AF812F800E6BD5C /* Text-Extensions.swift */; };
		440ECB832AF812F800E6BD5C /* CreateCardViewModel.swift in Sources */ = {isa = PBXBuildFile; fileRef = 440ECB7C2AF812F800E6BD5C /* CreateCardViewModel.swift */; };
		440ECB842AF812F800E6BD5C /* CardDetailView.swift in Sources */ = {isa = PBXBuildFile; fileRef = 440ECB7D2AF812F800E6BD5C /* CardDetailView.swift */; };
		440ECB852AF812F800E6BD5C /* Card.swift in Sources */ = {isa = PBXBuildFile; fileRef = 440ECB7E2AF812F800E6BD5C /* Card.swift */; };
		440ECB862AF812F800E6BD5C /* SwipeableIngredient.swift in Sources */ = {isa = PBXBuildFile; fileRef = 440ECB7F2AF812F800E6BD5C /* SwipeableIngredient.swift */; };
		440ECB912AF8130400E6BD5C /* CoreDataController.swift in Sources */ = {isa = PBXBuildFile; fileRef = 440ECB8A2AF8130400E6BD5C /* CoreDataController.swift */; };
		440ECB922AF8130400E6BD5C /* IngredientCard+CoreDataProperties.swift in Sources */ = {isa = PBXBuildFile; fileRef = 440ECB8B2AF8130400E6BD5C /* IngredientCard+CoreDataProperties.swift */; };
		440ECB932AF8130400E6BD5C /* IngredientCard+CoreDataClass.swift in Sources */ = {isa = PBXBuildFile; fileRef = 440ECB8C2AF8130400E6BD5C /* IngredientCard+CoreDataClass.swift */; };
		440ECB942AF8130400E6BD5C /* Ingredient+CoreDataClass.swift in Sources */ = {isa = PBXBuildFile; fileRef = 440ECB8D2AF8130400E6BD5C /* Ingredient+CoreDataClass.swift */; };
		440ECB9C2AF8134A00E6BD5C /* GrocemateDataModel.xcdatamodeld in Sources */ = {isa = PBXBuildFile; fileRef = 440ECB9A2AF8134A00E6BD5C /* GrocemateDataModel.xcdatamodeld */; };
		442957102B257416000D74CA /* CreateCardViewModelTests.swift in Sources */ = {isa = PBXBuildFile; fileRef = 4429570F2B257416000D74CA /* CreateCardViewModelTests.swift */; };
		442957122B258FC1000D74CA /* TempIngredientCard.swift in Sources */ = {isa = PBXBuildFile; fileRef = 442957112B258FC1000D74CA /* TempIngredientCard.swift */; };
		4441677A2B20364C005AF6BC /* EditCardViewModelTests.swift in Sources */ = {isa = PBXBuildFile; fileRef = 444167792B20364C005AF6BC /* EditCardViewModelTests.swift */; };
		4453D8A82B0931AB001B1C36 /* EditCardViewModel.swift in Sources */ = {isa = PBXBuildFile; fileRef = 4453D8A72B0931AB001B1C36 /* EditCardViewModel.swift */; };
		445D78D92B434FFA00DF7B68 /* IngredientRecognitionHandlerLimits.swift in Sources */ = {isa = PBXBuildFile; fileRef = 445D78D82B434FFA00DF7B68 /* IngredientRecognitionHandlerLimits.swift */; };
		445D78DB2B43627000DF7B68 /* RecognitionCallLimits.swift in Sources */ = {isa = PBXBuildFile; fileRef = 445D78DA2B43627000DF7B68 /* RecognitionCallLimits.swift */; };
		445D78DD2B43B0A800DF7B68 /* EditOrCreateIngredientCard.swift in Sources */ = {isa = PBXBuildFile; fileRef = 445D78DC2B43B0A800DF7B68 /* EditOrCreateIngredientCard.swift */; };
		445DCC452AFC579700CA97DE /* Ingredient+CoreDataProperties.swift in Sources */ = {isa = PBXBuildFile; fileRef = 445DCC442AFC579700CA97DE /* Ingredient+CoreDataProperties.swift */; };
		4465BDAE2B23936800DB97B1 /* StringArray-Extensions.swift in Sources */ = {isa = PBXBuildFile; fileRef = 4465BDAD2B23936800DB97B1 /* StringArray-Extensions.swift */; };
		4465BDB02B23CCC500DB97B1 /* CardDetailSaveError.swift in Sources */ = {isa = PBXBuildFile; fileRef = 4465BDAF2B23CCC500DB97B1 /* CardDetailSaveError.swift */; };
		446EF8312B3FD03700271764 /* OpenAIManageable.swift in Sources */ = {isa = PBXBuildFile; fileRef = 446EF8302B3FD03700271764 /* OpenAIManageable.swift */; };
		4480E1272B29454F0042DB44 /* UtilityFunctionTests.swift in Sources */ = {isa = PBXBuildFile; fileRef = 4480E1262B29454F0042DB44 /* UtilityFunctionTests.swift */; };
		4489336C2B2FED9A00121DCE /* ImageSizePreferenceKey.swift in Sources */ = {isa = PBXBuildFile; fileRef = 4489336B2B2FED9A00121DCE /* ImageSizePreferenceKey.swift */; };
		4489336E2B2FF28F00121DCE /* ImageWithROI.swift in Sources */ = {isa = PBXBuildFile; fileRef = 4489336D2B2FF28F00121DCE /* ImageWithROI.swift */; };
		448933702B2FF5C600121DCE /* OpenAIResponseModel.swift in Sources */ = {isa = PBXBuildFile; fileRef = 4489336F2B2FF5C600121DCE /* OpenAIResponseModel.swift */; };
		448933722B310E5E00121DCE /* ChatGPT.swift in Sources */ = {isa = PBXBuildFile; fileRef = 448933712B310E5E00121DCE /* ChatGPT.swift */; };
		448933742B310E8400121DCE /* Konstants.swift in Sources */ = {isa = PBXBuildFile; fileRef = 448933732B310E8400121DCE /* Konstants.swift */; };
		448933772B3112B300121DCE /* OpenAIManager.swift in Sources */ = {isa = PBXBuildFile; fileRef = 448933762B3112B300121DCE /* OpenAIManager.swift */; };
		448933792B31146100121DCE /* OpenAIError.swift in Sources */ = {isa = PBXBuildFile; fileRef = 448933782B31146100121DCE /* OpenAIError.swift */; };
		4489337C2B31179700121DCE /* IngredientRecognitionHandler.swift in Sources */ = {isa = PBXBuildFile; fileRef = 4489337B2B31179700121DCE /* IngredientRecognitionHandler.swift */; };
		4489337E2B31186F00121DCE /* IngredientRecognitionStage.swift in Sources */ = {isa = PBXBuildFile; fileRef = 4489337D2B31186F00121DCE /* IngredientRecognitionStage.swift */; };
		44BF980C2B088AFA00E24047 /* Sheets.swift in Sources */ = {isa = PBXBuildFile; fileRef = 44BF980B2B088AFA00E24047 /* Sheets.swift */; };
		44BF98102B088B5A00E24047 /* Image-Extensions.swift in Sources */ = {isa = PBXBuildFile; fileRef = 44BF980F2B088B5A00E24047 /* Image-Extensions.swift */; };
		44BF98132B0927EF00E24047 /* CardDetailViewModellable.swift in Sources */ = {isa = PBXBuildFile; fileRef = 44BF98122B0927EF00E24047 /* CardDetailViewModellable.swift */; };
		44C2C0AA2B32AED3008B3F9A /* RecognitionProgressToast.swift in Sources */ = {isa = PBXBuildFile; fileRef = 44C2C0A92B32AED3008B3F9A /* RecognitionProgressToast.swift */; };
		44C7F9AF2B07395100AFE8DD /* HomeViewModel.swift in Sources */ = {isa = PBXBuildFile; fileRef = 44C7F9AE2B07395100AFE8DD /* HomeViewModel.swift */; };
		44CE197E2B27C463002D6E33 /* CreateCardViewModelInitializerTests.swift in Sources */ = {isa = PBXBuildFile; fileRef = 44CE197D2B27C463002D6E33 /* CreateCardViewModelInitializerTests.swift */; };
		44CE19802B27CB66002D6E33 /* HomeViewModelTests.swift in Sources */ = {isa = PBXBuildFile; fileRef = 44CE197F2B27CB66002D6E33 /* HomeViewModelTests.swift */; };
		44DDEAF72B0F2290002AB0CE /* HapticType.swift in Sources */ = {isa = PBXBuildFile; fileRef = 44DDEAF62B0F2290002AB0CE /* HapticType.swift */; };
		44DDEAF92B0F22D9002AB0CE /* HapticDefinitions.swift in Sources */ = {isa = PBXBuildFile; fileRef = 44DDEAF82B0F22D9002AB0CE /* HapticDefinitions.swift */; };
		44DDF2FD2AF811CE005D35D8 /* GrocemateApp.swift in Sources */ = {isa = PBXBuildFile; fileRef = 44DDF2FC2AF811CE005D35D8 /* GrocemateApp.swift */; };
		44DDF2FF2AF811CE005D35D8 /* HomeView.swift in Sources */ = {isa = PBXBuildFile; fileRef = 44DDF2FE2AF811CE005D35D8 /* HomeView.swift */; };
		44DDF3012AF811D0005D35D8 /* Assets.xcassets in Resources */ = {isa = PBXBuildFile; fileRef = 44DDF3002AF811D0005D35D8 /* Assets.xcassets */; };
		44DDF3042AF811D0005D35D8 /* Preview Assets.xcassets in Resources */ = {isa = PBXBuildFile; fileRef = 44DDF3032AF811D0005D35D8 /* Preview Assets.xcassets */; };
		44DDF30E2AF811D0005D35D8 /* GrocemateTests.swift in Sources */ = {isa = PBXBuildFile; fileRef = 44DDF30D2AF811D0005D35D8 /* GrocemateTests.swift */; };
		44DDF3182AF811D0005D35D8 /* GrocemateUITests.swift in Sources */ = {isa = PBXBuildFile; fileRef = 44DDF3172AF811D0005D35D8 /* GrocemateUITests.swift */; };
		44DDF31A2AF811D0005D35D8 /* GrocemateUITestsLaunchTests.swift in Sources */ = {isa = PBXBuildFile; fileRef = 44DDF3192AF811D0005D35D8 /* GrocemateUITestsLaunchTests.swift */; };
		44EE333E2B411A6600DEE6F1 /* CameraView.swift in Sources */ = {isa = PBXBuildFile; fileRef = 44EE333D2B411A6600DEE6F1 /* CameraView.swift */; };
/* End PBXBuildFile section */

/* Begin PBXContainerItemProxy section */
		44DDF30A2AF811D0005D35D8 /* PBXContainerItemProxy */ = {
			isa = PBXContainerItemProxy;
			containerPortal = 44DDF2F12AF811CE005D35D8 /* Project object */;
			proxyType = 1;
			remoteGlobalIDString = 44DDF2F82AF811CE005D35D8;
			remoteInfo = Grocemate;
		};
		44DDF3142AF811D0005D35D8 /* PBXContainerItemProxy */ = {
			isa = PBXContainerItemProxy;
			containerPortal = 44DDF2F12AF811CE005D35D8 /* Project object */;
			proxyType = 1;
			remoteGlobalIDString = 44DDF2F82AF811CE005D35D8;
			remoteInfo = Grocemate;
		};
/* End PBXContainerItemProxy section */

/* Begin PBXFileReference section */
		440ECB762AF812F800E6BD5C /* HapticEngine.swift */ = {isa = PBXFileReference; fileEncoding = 4; lastKnownFileType = sourcecode.swift; path = HapticEngine.swift; sourceTree = "<group>"; };
		440ECB772AF812F800E6BD5C /* RubberBanding.swift */ = {isa = PBXFileReference; fileEncoding = 4; lastKnownFileType = sourcecode.swift; path = RubberBanding.swift; sourceTree = "<group>"; };
		440ECB792AF812F800E6BD5C /* Text-Extensions.swift */ = {isa = PBXFileReference; fileEncoding = 4; lastKnownFileType = sourcecode.swift; path = "Text-Extensions.swift"; sourceTree = "<group>"; };
		440ECB7C2AF812F800E6BD5C /* CreateCardViewModel.swift */ = {isa = PBXFileReference; fileEncoding = 4; lastKnownFileType = sourcecode.swift; path = CreateCardViewModel.swift; sourceTree = "<group>"; };
		440ECB7D2AF812F800E6BD5C /* CardDetailView.swift */ = {isa = PBXFileReference; fileEncoding = 4; lastKnownFileType = sourcecode.swift; path = CardDetailView.swift; sourceTree = "<group>"; };
		440ECB7E2AF812F800E6BD5C /* Card.swift */ = {isa = PBXFileReference; fileEncoding = 4; lastKnownFileType = sourcecode.swift; path = Card.swift; sourceTree = "<group>"; };
		440ECB7F2AF812F800E6BD5C /* SwipeableIngredient.swift */ = {isa = PBXFileReference; fileEncoding = 4; lastKnownFileType = sourcecode.swift; path = SwipeableIngredient.swift; sourceTree = "<group>"; };
		440ECB8A2AF8130400E6BD5C /* CoreDataController.swift */ = {isa = PBXFileReference; fileEncoding = 4; lastKnownFileType = sourcecode.swift; path = CoreDataController.swift; sourceTree = "<group>"; };
		440ECB8B2AF8130400E6BD5C /* IngredientCard+CoreDataProperties.swift */ = {isa = PBXFileReference; fileEncoding = 4; lastKnownFileType = sourcecode.swift; path = "IngredientCard+CoreDataProperties.swift"; sourceTree = "<group>"; };
		440ECB8C2AF8130400E6BD5C /* IngredientCard+CoreDataClass.swift */ = {isa = PBXFileReference; fileEncoding = 4; lastKnownFileType = sourcecode.swift; path = "IngredientCard+CoreDataClass.swift"; sourceTree = "<group>"; };
		440ECB8D2AF8130400E6BD5C /* Ingredient+CoreDataClass.swift */ = {isa = PBXFileReference; fileEncoding = 4; lastKnownFileType = sourcecode.swift; path = "Ingredient+CoreDataClass.swift"; sourceTree = "<group>"; };
		440ECB9B2AF8134A00E6BD5C /* GrocemateDataModel.xcdatamodel */ = {isa = PBXFileReference; lastKnownFileType = wrapper.xcdatamodel; path = GrocemateDataModel.xcdatamodel; sourceTree = "<group>"; };
		4420964C2AFDF2F700E586BB /* Grocemate.entitlements */ = {isa = PBXFileReference; lastKnownFileType = text.plist.entitlements; path = Grocemate.entitlements; sourceTree = "<group>"; };
		4420964D2AFDF4A100E586BB /* Info.plist */ = {isa = PBXFileReference; lastKnownFileType = text.plist; path = Info.plist; sourceTree = "<group>"; };
		4429570F2B257416000D74CA /* CreateCardViewModelTests.swift */ = {isa = PBXFileReference; lastKnownFileType = sourcecode.swift; path = CreateCardViewModelTests.swift; sourceTree = "<group>"; };
		442957112B258FC1000D74CA /* TempIngredientCard.swift */ = {isa = PBXFileReference; lastKnownFileType = sourcecode.swift; path = TempIngredientCard.swift; sourceTree = "<group>"; };
		444167792B20364C005AF6BC /* EditCardViewModelTests.swift */ = {isa = PBXFileReference; lastKnownFileType = sourcecode.swift; path = EditCardViewModelTests.swift; sourceTree = "<group>"; };
		4453D8A72B0931AB001B1C36 /* EditCardViewModel.swift */ = {isa = PBXFileReference; lastKnownFileType = sourcecode.swift; path = EditCardViewModel.swift; sourceTree = "<group>"; };
		445D78D82B434FFA00DF7B68 /* IngredientRecognitionHandlerLimits.swift */ = {isa = PBXFileReference; lastKnownFileType = sourcecode.swift; path = IngredientRecognitionHandlerLimits.swift; sourceTree = "<group>"; };
		445D78DA2B43627000DF7B68 /* RecognitionCallLimits.swift */ = {isa = PBXFileReference; lastKnownFileType = sourcecode.swift; path = RecognitionCallLimits.swift; sourceTree = "<group>"; };
		445D78DC2B43B0A800DF7B68 /* EditOrCreateIngredientCard.swift */ = {isa = PBXFileReference; lastKnownFileType = sourcecode.swift; path = EditOrCreateIngredientCard.swift; sourceTree = "<group>"; };
		445DCC442AFC579700CA97DE /* Ingredient+CoreDataProperties.swift */ = {isa = PBXFileReference; lastKnownFileType = sourcecode.swift; path = "Ingredient+CoreDataProperties.swift"; sourceTree = "<group>"; };
		4465BDAB2B2278DD00DB97B1 /* Grocemate.xctestplan */ = {isa = PBXFileReference; lastKnownFileType = text; path = Grocemate.xctestplan; sourceTree = "<group>"; };
		4465BDAD2B23936800DB97B1 /* StringArray-Extensions.swift */ = {isa = PBXFileReference; lastKnownFileType = sourcecode.swift; path = "StringArray-Extensions.swift"; sourceTree = "<group>"; };
		4465BDAF2B23CCC500DB97B1 /* CardDetailSaveError.swift */ = {isa = PBXFileReference; lastKnownFileType = sourcecode.swift; path = CardDetailSaveError.swift; sourceTree = "<group>"; };
		446EF8302B3FD03700271764 /* OpenAIManageable.swift */ = {isa = PBXFileReference; lastKnownFileType = sourcecode.swift; path = OpenAIManageable.swift; sourceTree = "<group>"; };
		4480E1262B29454F0042DB44 /* UtilityFunctionTests.swift */ = {isa = PBXFileReference; lastKnownFileType = sourcecode.swift; path = UtilityFunctionTests.swift; sourceTree = "<group>"; };
		4489336B2B2FED9A00121DCE /* ImageSizePreferenceKey.swift */ = {isa = PBXFileReference; lastKnownFileType = sourcecode.swift; path = ImageSizePreferenceKey.swift; sourceTree = "<group>"; };
		4489336D2B2FF28F00121DCE /* ImageWithROI.swift */ = {isa = PBXFileReference; lastKnownFileType = sourcecode.swift; path = ImageWithROI.swift; sourceTree = "<group>"; };
		4489336F2B2FF5C600121DCE /* OpenAIResponseModel.swift */ = {isa = PBXFileReference; lastKnownFileType = sourcecode.swift; path = OpenAIResponseModel.swift; sourceTree = "<group>"; };
		448933712B310E5E00121DCE /* ChatGPT.swift */ = {isa = PBXFileReference; lastKnownFileType = sourcecode.swift; path = ChatGPT.swift; sourceTree = "<group>"; };
		448933732B310E8400121DCE /* Konstants.swift */ = {isa = PBXFileReference; lastKnownFileType = sourcecode.swift; path = Konstants.swift; sourceTree = "<group>"; };
		448933762B3112B300121DCE /* OpenAIManager.swift */ = {isa = PBXFileReference; lastKnownFileType = sourcecode.swift; path = OpenAIManager.swift; sourceTree = "<group>"; };
		448933782B31146100121DCE /* OpenAIError.swift */ = {isa = PBXFileReference; lastKnownFileType = sourcecode.swift; path = OpenAIError.swift; sourceTree = "<group>"; };
		4489337B2B31179700121DCE /* IngredientRecognitionHandler.swift */ = {isa = PBXFileReference; lastKnownFileType = sourcecode.swift; path = IngredientRecognitionHandler.swift; sourceTree = "<group>"; };
		4489337D2B31186F00121DCE /* IngredientRecognitionStage.swift */ = {isa = PBXFileReference; lastKnownFileType = sourcecode.swift; path = IngredientRecognitionStage.swift; sourceTree = "<group>"; };
		44BF980B2B088AFA00E24047 /* Sheets.swift */ = {isa = PBXFileReference; lastKnownFileType = sourcecode.swift; path = Sheets.swift; sourceTree = "<group>"; };
		44BF980F2B088B5A00E24047 /* Image-Extensions.swift */ = {isa = PBXFileReference; lastKnownFileType = sourcecode.swift; path = "Image-Extensions.swift"; sourceTree = "<group>"; };
		44BF98122B0927EF00E24047 /* CardDetailViewModellable.swift */ = {isa = PBXFileReference; lastKnownFileType = sourcecode.swift; path = CardDetailViewModellable.swift; sourceTree = "<group>"; };
		44C2C0A72B3283C9008B3F9A /* Config.xcconfig */ = {isa = PBXFileReference; lastKnownFileType = text.xcconfig; path = Config.xcconfig; sourceTree = "<group>"; };
		44C2C0A92B32AED3008B3F9A /* RecognitionProgressToast.swift */ = {isa = PBXFileReference; lastKnownFileType = sourcecode.swift; path = RecognitionProgressToast.swift; sourceTree = "<group>"; };
		44C7F9AE2B07395100AFE8DD /* HomeViewModel.swift */ = {isa = PBXFileReference; lastKnownFileType = sourcecode.swift; path = HomeViewModel.swift; sourceTree = "<group>"; };
		44CE197D2B27C463002D6E33 /* CreateCardViewModelInitializerTests.swift */ = {isa = PBXFileReference; lastKnownFileType = sourcecode.swift; path = CreateCardViewModelInitializerTests.swift; sourceTree = "<group>"; };
		44CE197F2B27CB66002D6E33 /* HomeViewModelTests.swift */ = {isa = PBXFileReference; lastKnownFileType = sourcecode.swift; path = HomeViewModelTests.swift; sourceTree = "<group>"; };
		44DDEAF62B0F2290002AB0CE /* HapticType.swift */ = {isa = PBXFileReference; lastKnownFileType = sourcecode.swift; path = HapticType.swift; sourceTree = "<group>"; };
		44DDEAF82B0F22D9002AB0CE /* HapticDefinitions.swift */ = {isa = PBXFileReference; lastKnownFileType = sourcecode.swift; path = HapticDefinitions.swift; sourceTree = "<group>"; };
		44DDF2F92AF811CE005D35D8 /* Grocemate.app */ = {isa = PBXFileReference; explicitFileType = wrapper.application; includeInIndex = 0; path = Grocemate.app; sourceTree = BUILT_PRODUCTS_DIR; };
		44DDF2FC2AF811CE005D35D8 /* GrocemateApp.swift */ = {isa = PBXFileReference; lastKnownFileType = sourcecode.swift; path = GrocemateApp.swift; sourceTree = "<group>"; };
		44DDF2FE2AF811CE005D35D8 /* HomeView.swift */ = {isa = PBXFileReference; lastKnownFileType = sourcecode.swift; path = HomeView.swift; sourceTree = "<group>"; };
		44DDF3002AF811D0005D35D8 /* Assets.xcassets */ = {isa = PBXFileReference; lastKnownFileType = folder.assetcatalog; path = Assets.xcassets; sourceTree = "<group>"; };
		44DDF3032AF811D0005D35D8 /* Preview Assets.xcassets */ = {isa = PBXFileReference; lastKnownFileType = folder.assetcatalog; path = "Preview Assets.xcassets"; sourceTree = "<group>"; };
		44DDF3092AF811D0005D35D8 /* GrocemateTests.xctest */ = {isa = PBXFileReference; explicitFileType = wrapper.cfbundle; includeInIndex = 0; path = GrocemateTests.xctest; sourceTree = BUILT_PRODUCTS_DIR; };
		44DDF30D2AF811D0005D35D8 /* GrocemateTests.swift */ = {isa = PBXFileReference; lastKnownFileType = sourcecode.swift; path = GrocemateTests.swift; sourceTree = "<group>"; };
		44DDF3132AF811D0005D35D8 /* GrocemateUITests.xctest */ = {isa = PBXFileReference; explicitFileType = wrapper.cfbundle; includeInIndex = 0; path = GrocemateUITests.xctest; sourceTree = BUILT_PRODUCTS_DIR; };
		44DDF3172AF811D0005D35D8 /* GrocemateUITests.swift */ = {isa = PBXFileReference; lastKnownFileType = sourcecode.swift; path = GrocemateUITests.swift; sourceTree = "<group>"; };
		44DDF3192AF811D0005D35D8 /* GrocemateUITestsLaunchTests.swift */ = {isa = PBXFileReference; lastKnownFileType = sourcecode.swift; path = GrocemateUITestsLaunchTests.swift; sourceTree = "<group>"; };
		44EE333D2B411A6600DEE6F1 /* CameraView.swift */ = {isa = PBXFileReference; lastKnownFileType = sourcecode.swift; path = CameraView.swift; sourceTree = "<group>"; };
/* End PBXFileReference section */

/* Begin PBXFrameworksBuildPhase section */
		44DDF2F62AF811CE005D35D8 /* Frameworks */ = {
			isa = PBXFrameworksBuildPhase;
			buildActionMask = 2147483647;
			files = (
			);
			runOnlyForDeploymentPostprocessing = 0;
		};
		44DDF3062AF811D0005D35D8 /* Frameworks */ = {
			isa = PBXFrameworksBuildPhase;
			buildActionMask = 2147483647;
			files = (
			);
			runOnlyForDeploymentPostprocessing = 0;
		};
		44DDF3102AF811D0005D35D8 /* Frameworks */ = {
			isa = PBXFrameworksBuildPhase;
			buildActionMask = 2147483647;
			files = (
			);
			runOnlyForDeploymentPostprocessing = 0;
		};
/* End PBXFrameworksBuildPhase section */

/* Begin PBXGroup section */
		440ECB752AF812F800E6BD5C /* Effects */ = {
			isa = PBXGroup;
			children = (
				440ECB762AF812F800E6BD5C /* HapticEngine.swift */,
				440ECB772AF812F800E6BD5C /* RubberBanding.swift */,
				44DDEAF82B0F22D9002AB0CE /* HapticDefinitions.swift */,
			);
			path = Effects;
			sourceTree = "<group>";
		};
		440ECB782AF812F800E6BD5C /* Extensions */ = {
			isa = PBXGroup;
			children = (
				440ECB792AF812F800E6BD5C /* Text-Extensions.swift */,
				44BF980F2B088B5A00E24047 /* Image-Extensions.swift */,
				4465BDAD2B23936800DB97B1 /* StringArray-Extensions.swift */,
			);
			path = Extensions;
			sourceTree = "<group>";
		};
		440ECB7A2AF812F800E6BD5C /* Views */ = {
			isa = PBXGroup;
			children = (
				4489336A2B2FED7900121DCE /* RegionOfInterestPhotoPreview */,
				44BF98112B0927D700E24047 /* CardDetailView */,
				44C7F9AD2B07394300AFE8DD /* HomeView */,
				44EE333D2B411A6600DEE6F1 /* CameraView.swift */,
			);
			path = Views;
			sourceTree = "<group>";
		};
		440ECB7B2AF812F800E6BD5C /* CreateCardView */ = {
			isa = PBXGroup;
			children = (
				440ECB7C2AF812F800E6BD5C /* CreateCardViewModel.swift */,
			);
			path = CreateCardView;
			sourceTree = "<group>";
		};
		440ECB872AF8130400E6BD5C /* Models */ = {
			isa = PBXGroup;
			children = (
				440ECB892AF8130400E6BD5C /* CoreData */,
				442957112B258FC1000D74CA /* TempIngredientCard.swift */,
				4489336F2B2FF5C600121DCE /* OpenAIResponseModel.swift */,
				448933732B310E8400121DCE /* Konstants.swift */,
			);
			path = Models;
			sourceTree = "<group>";
		};
		440ECB892AF8130400E6BD5C /* CoreData */ = {
			isa = PBXGroup;
			children = (
				440ECB8A2AF8130400E6BD5C /* CoreDataController.swift */,
				440ECB8C2AF8130400E6BD5C /* IngredientCard+CoreDataClass.swift */,
				440ECB8B2AF8130400E6BD5C /* IngredientCard+CoreDataProperties.swift */,
				440ECB8D2AF8130400E6BD5C /* Ingredient+CoreDataClass.swift */,
				445DCC442AFC579700CA97DE /* Ingredient+CoreDataProperties.swift */,
				440ECB9A2AF8134A00E6BD5C /* GrocemateDataModel.xcdatamodeld */,
			);
			path = CoreData;
			sourceTree = "<group>";
		};
		4453D8A62B09319E001B1C36 /* EditCardView */ = {
			isa = PBXGroup;
			children = (
				4453D8A72B0931AB001B1C36 /* EditCardViewModel.swift */,
			);
			path = EditCardView;
			sourceTree = "<group>";
		};
		446EF8322B3FD04000271764 /* OpenAIManager */ = {
			isa = PBXGroup;
			children = (
				448933762B3112B300121DCE /* OpenAIManager.swift */,
				446EF8302B3FD03700271764 /* OpenAIManageable.swift */,
			);
			path = OpenAIManager;
			sourceTree = "<group>";
		};
		4489336A2B2FED7900121DCE /* RegionOfInterestPhotoPreview */ = {
			isa = PBXGroup;
			children = (
				4489336B2B2FED9A00121DCE /* ImageSizePreferenceKey.swift */,
				4489336D2B2FF28F00121DCE /* ImageWithROI.swift */,
			);
			path = RegionOfInterestPhotoPreview;
			sourceTree = "<group>";
		};
		448933752B31128D00121DCE /* Managers */ = {
			isa = PBXGroup;
			children = (
				4489337A2B3114B000121DCE /* TextRecognitionHandling */,
				446EF8322B3FD04000271764 /* OpenAIManager */,
			);
			path = Managers;
			sourceTree = "<group>";
		};
		4489337A2B3114B000121DCE /* TextRecognitionHandling */ = {
			isa = PBXGroup;
			children = (
				4489337B2B31179700121DCE /* IngredientRecognitionHandler.swift */,
				445D78D82B434FFA00DF7B68 /* IngredientRecognitionHandlerLimits.swift */,
			);
			path = TextRecognitionHandling;
			sourceTree = "<group>";
		};
		44BF98092B088ABD00E24047 /* CardView */ = {
			isa = PBXGroup;
			children = (
				440ECB7E2AF812F800E6BD5C /* Card.swift */,
				440ECB7F2AF812F800E6BD5C /* SwipeableIngredient.swift */,
			);
			path = CardView;
			sourceTree = "<group>";
		};
		44BF980A2B088AEA00E24047 /* Enums */ = {
			isa = PBXGroup;
			children = (
				44BF980B2B088AFA00E24047 /* Sheets.swift */,
				44DDEAF62B0F2290002AB0CE /* HapticType.swift */,
				4465BDAF2B23CCC500DB97B1 /* CardDetailSaveError.swift */,
				448933712B310E5E00121DCE /* ChatGPT.swift */,
				448933782B31146100121DCE /* OpenAIError.swift */,
				4489337D2B31186F00121DCE /* IngredientRecognitionStage.swift */,
				445D78DA2B43627000DF7B68 /* RecognitionCallLimits.swift */,
				445D78DC2B43B0A800DF7B68 /* EditOrCreateIngredientCard.swift */,
			);
			path = Enums;
			sourceTree = "<group>";
		};
		44BF98112B0927D700E24047 /* CardDetailView */ = {
			isa = PBXGroup;
			children = (
				44BF98122B0927EF00E24047 /* CardDetailViewModellable.swift */,
				440ECB7D2AF812F800E6BD5C /* CardDetailView.swift */,
				4453D8A62B09319E001B1C36 /* EditCardView */,
				440ECB7B2AF812F800E6BD5C /* CreateCardView */,
			);
			path = CardDetailView;
			sourceTree = "<group>";
		};
		44C7F9AD2B07394300AFE8DD /* HomeView */ = {
			isa = PBXGroup;
			children = (
				44DDF2FE2AF811CE005D35D8 /* HomeView.swift */,
				44C7F9AE2B07395100AFE8DD /* HomeViewModel.swift */,
				44BF98092B088ABD00E24047 /* CardView */,
				44C2C0A92B32AED3008B3F9A /* RecognitionProgressToast.swift */,
			);
			path = HomeView;
			sourceTree = "<group>";
		};
		44DDF2F02AF811CE005D35D8 = {
			isa = PBXGroup;
			children = (
				44C2C0A72B3283C9008B3F9A /* Config.xcconfig */,
				4465BDAB2B2278DD00DB97B1 /* Grocemate.xctestplan */,
				44DDF2FB2AF811CE005D35D8 /* Grocemate */,
				44DDF30C2AF811D0005D35D8 /* GrocemateTests */,
				44DDF3162AF811D0005D35D8 /* GrocemateUITests */,
				44DDF2FA2AF811CE005D35D8 /* Products */,
			);
			sourceTree = "<group>";
		};
		44DDF2FA2AF811CE005D35D8 /* Products */ = {
			isa = PBXGroup;
			children = (
				44DDF2F92AF811CE005D35D8 /* Grocemate.app */,
				44DDF3092AF811D0005D35D8 /* GrocemateTests.xctest */,
				44DDF3132AF811D0005D35D8 /* GrocemateUITests.xctest */,
			);
			name = Products;
			sourceTree = "<group>";
		};
		44DDF2FB2AF811CE005D35D8 /* Grocemate */ = {
			isa = PBXGroup;
			children = (
				4420964D2AFDF4A100E586BB /* Info.plist */,
				4420964C2AFDF2F700E586BB /* Grocemate.entitlements */,
				44DDF2FC2AF811CE005D35D8 /* GrocemateApp.swift */,
				440ECB752AF812F800E6BD5C /* Effects */,
				44BF980A2B088AEA00E24047 /* Enums */,
				440ECB782AF812F800E6BD5C /* Extensions */,
				448933752B31128D00121DCE /* Managers */,
				440ECB872AF8130400E6BD5C /* Models */,
				440ECB7A2AF812F800E6BD5C /* Views */,
				44DDF3002AF811D0005D35D8 /* Assets.xcassets */,
				44DDF3022AF811D0005D35D8 /* Preview Content */,
			);
			path = Grocemate;
			sourceTree = "<group>";
		};
		44DDF3022AF811D0005D35D8 /* Preview Content */ = {
			isa = PBXGroup;
			children = (
				44DDF3032AF811D0005D35D8 /* Preview Assets.xcassets */,
			);
			path = "Preview Content";
			sourceTree = "<group>";
		};
		44DDF30C2AF811D0005D35D8 /* GrocemateTests */ = {
			isa = PBXGroup;
			children = (
				44DDF30D2AF811D0005D35D8 /* GrocemateTests.swift */,
				444167792B20364C005AF6BC /* EditCardViewModelTests.swift */,
				4429570F2B257416000D74CA /* CreateCardViewModelTests.swift */,
				44CE197D2B27C463002D6E33 /* CreateCardViewModelInitializerTests.swift */,
				44CE197F2B27CB66002D6E33 /* HomeViewModelTests.swift */,
				4480E1262B29454F0042DB44 /* UtilityFunctionTests.swift */,
			);
			path = GrocemateTests;
			sourceTree = "<group>";
		};
		44DDF3162AF811D0005D35D8 /* GrocemateUITests */ = {
			isa = PBXGroup;
			children = (
				44DDF3172AF811D0005D35D8 /* GrocemateUITests.swift */,
				44DDF3192AF811D0005D35D8 /* GrocemateUITestsLaunchTests.swift */,
			);
			path = GrocemateUITests;
			sourceTree = "<group>";
		};
/* End PBXGroup section */

/* Begin PBXNativeTarget section */
		44DDF2F82AF811CE005D35D8 /* Grocemate */ = {
			isa = PBXNativeTarget;
			buildConfigurationList = 44DDF31D2AF811D0005D35D8 /* Build configuration list for PBXNativeTarget "Grocemate" */;
			buildPhases = (
				44DDF2F52AF811CE005D35D8 /* Sources */,
				44DDF2F62AF811CE005D35D8 /* Frameworks */,
				44DDF2F72AF811CE005D35D8 /* Resources */,
				44DDEAF32B0E79F7002AB0CE /* SwiftLint Script */,
			);
			buildRules = (
			);
			dependencies = (
			);
			name = Grocemate;
			productName = Grocemate;
			productReference = 44DDF2F92AF811CE005D35D8 /* Grocemate.app */;
			productType = "com.apple.product-type.application";
		};
		44DDF3082AF811D0005D35D8 /* GrocemateTests */ = {
			isa = PBXNativeTarget;
			buildConfigurationList = 44DDF3202AF811D0005D35D8 /* Build configuration list for PBXNativeTarget "GrocemateTests" */;
			buildPhases = (
				44DDF3052AF811D0005D35D8 /* Sources */,
				44DDF3062AF811D0005D35D8 /* Frameworks */,
				44DDF3072AF811D0005D35D8 /* Resources */,
			);
			buildRules = (
			);
			dependencies = (
				44DDF30B2AF811D0005D35D8 /* PBXTargetDependency */,
			);
			name = GrocemateTests;
			productName = GrocemateTests;
			productReference = 44DDF3092AF811D0005D35D8 /* GrocemateTests.xctest */;
			productType = "com.apple.product-type.bundle.unit-test";
		};
		44DDF3122AF811D0005D35D8 /* GrocemateUITests */ = {
			isa = PBXNativeTarget;
			buildConfigurationList = 44DDF3232AF811D0005D35D8 /* Build configuration list for PBXNativeTarget "GrocemateUITests" */;
			buildPhases = (
				44DDF30F2AF811D0005D35D8 /* Sources */,
				44DDF3102AF811D0005D35D8 /* Frameworks */,
				44DDF3112AF811D0005D35D8 /* Resources */,
			);
			buildRules = (
			);
			dependencies = (
				44DDF3152AF811D0005D35D8 /* PBXTargetDependency */,
			);
			name = GrocemateUITests;
			productName = GrocemateUITests;
			productReference = 44DDF3132AF811D0005D35D8 /* GrocemateUITests.xctest */;
			productType = "com.apple.product-type.bundle.ui-testing";
		};
/* End PBXNativeTarget section */

/* Begin PBXProject section */
		44DDF2F12AF811CE005D35D8 /* Project object */ = {
			isa = PBXProject;
			attributes = {
				BuildIndependentTargetsInParallel = 1;
				LastSwiftUpdateCheck = 1500;
				LastUpgradeCheck = 1510;
				TargetAttributes = {
					44DDF2F82AF811CE005D35D8 = {
						CreatedOnToolsVersion = 15.0.1;
					};
					44DDF3082AF811D0005D35D8 = {
						CreatedOnToolsVersion = 15.0.1;
						TestTargetID = 44DDF2F82AF811CE005D35D8;
					};
					44DDF3122AF811D0005D35D8 = {
						CreatedOnToolsVersion = 15.0.1;
						TestTargetID = 44DDF2F82AF811CE005D35D8;
					};
				};
			};
			buildConfigurationList = 44DDF2F42AF811CE005D35D8 /* Build configuration list for PBXProject "Grocemate" */;
			compatibilityVersion = "Xcode 14.0";
			developmentRegion = en;
			hasScannedForEncodings = 0;
			knownRegions = (
				en,
				Base,
			);
			mainGroup = 44DDF2F02AF811CE005D35D8;
			productRefGroup = 44DDF2FA2AF811CE005D35D8 /* Products */;
			projectDirPath = "";
			projectRoot = "";
			targets = (
				44DDF2F82AF811CE005D35D8 /* Grocemate */,
				44DDF3082AF811D0005D35D8 /* GrocemateTests */,
				44DDF3122AF811D0005D35D8 /* GrocemateUITests */,
			);
		};
/* End PBXProject section */

/* Begin PBXResourcesBuildPhase section */
		44DDF2F72AF811CE005D35D8 /* Resources */ = {
			isa = PBXResourcesBuildPhase;
			buildActionMask = 2147483647;
			files = (
				44DDF3042AF811D0005D35D8 /* Preview Assets.xcassets in Resources */,
				44DDF3012AF811D0005D35D8 /* Assets.xcassets in Resources */,
			);
			runOnlyForDeploymentPostprocessing = 0;
		};
		44DDF3072AF811D0005D35D8 /* Resources */ = {
			isa = PBXResourcesBuildPhase;
			buildActionMask = 2147483647;
			files = (
			);
			runOnlyForDeploymentPostprocessing = 0;
		};
		44DDF3112AF811D0005D35D8 /* Resources */ = {
			isa = PBXResourcesBuildPhase;
			buildActionMask = 2147483647;
			files = (
			);
			runOnlyForDeploymentPostprocessing = 0;
		};
/* End PBXResourcesBuildPhase section */

/* Begin PBXShellScriptBuildPhase section */
		44DDEAF32B0E79F7002AB0CE /* SwiftLint Script */ = {
			isa = PBXShellScriptBuildPhase;
			alwaysOutOfDate = 1;
			buildActionMask = 2147483647;
			files = (
			);
			inputFileListPaths = (
			);
			inputPaths = (
				"$(SRCROOT)/newInputFile",
			);
			name = "SwiftLint Script";
			outputFileListPaths = (
			);
			outputPaths = (
			);
			runOnlyForDeploymentPostprocessing = 0;
			shellPath = /bin/sh;
			shellScript = "# Type a script or drag a script file from your workspace to insert its path.\nif [[ \"$(uname -m)\" == arm64 ]]; then\n    export PATH=\"/opt/homebrew/bin:$PATH\"\nfi\n\nif which swiftlint > /dev/null; then\n  swiftlint\nelse\n  echo \"warning: SwiftLint not installed\"\nfi\n";
		};
/* End PBXShellScriptBuildPhase section */

/* Begin PBXSourcesBuildPhase section */
		44DDF2F52AF811CE005D35D8 /* Sources */ = {
			isa = PBXSourcesBuildPhase;
			buildActionMask = 2147483647;
			files = (
				445D78DB2B43627000DF7B68 /* RecognitionCallLimits.swift in Sources */,
				44C7F9AF2B07395100AFE8DD /* HomeViewModel.swift in Sources */,
				445D78DD2B43B0A800DF7B68 /* EditOrCreateIngredientCard.swift in Sources */,
				448933772B3112B300121DCE /* OpenAIManager.swift in Sources */,
				440ECB822AF812F800E6BD5C /* Text-Extensions.swift in Sources */,
				44DDEAF72B0F2290002AB0CE /* HapticType.swift in Sources */,
				448933722B310E5E00121DCE /* ChatGPT.swift in Sources */,
				44DDF2FF2AF811CE005D35D8 /* HomeView.swift in Sources */,
				446EF8312B3FD03700271764 /* OpenAIManageable.swift in Sources */,
				445DCC452AFC579700CA97DE /* Ingredient+CoreDataProperties.swift in Sources */,
				440ECB942AF8130400E6BD5C /* Ingredient+CoreDataClass.swift in Sources */,
				445D78D92B434FFA00DF7B68 /* IngredientRecognitionHandlerLimits.swift in Sources */,
				44C2C0AA2B32AED3008B3F9A /* RecognitionProgressToast.swift in Sources */,
				44EE333E2B411A6600DEE6F1 /* CameraView.swift in Sources */,
				440ECB832AF812F800E6BD5C /* CreateCardViewModel.swift in Sources */,
				44BF98102B088B5A00E24047 /* Image-Extensions.swift in Sources */,
				4489337E2B31186F00121DCE /* IngredientRecognitionStage.swift in Sources */,
				440ECB802AF812F800E6BD5C /* HapticEngine.swift in Sources */,
				44BF980C2B088AFA00E24047 /* Sheets.swift in Sources */,
				44DDEAF92B0F22D9002AB0CE /* HapticDefinitions.swift in Sources */,
				440ECB922AF8130400E6BD5C /* IngredientCard+CoreDataProperties.swift in Sources */,
				440ECB932AF8130400E6BD5C /* IngredientCard+CoreDataClass.swift in Sources */,
				44DDF2FD2AF811CE005D35D8 /* GrocemateApp.swift in Sources */,
				440ECB9C2AF8134A00E6BD5C /* GrocemateDataModel.xcdatamodeld in Sources */,
				4489336E2B2FF28F00121DCE /* ImageWithROI.swift in Sources */,
				448933792B31146100121DCE /* OpenAIError.swift in Sources */,
				448933702B2FF5C600121DCE /* OpenAIResponseModel.swift in Sources */,
				442957122B258FC1000D74CA /* TempIngredientCard.swift in Sources */,
				440ECB842AF812F800E6BD5C /* CardDetailView.swift in Sources */,
				4453D8A82B0931AB001B1C36 /* EditCardViewModel.swift in Sources */,
				448933742B310E8400121DCE /* Konstants.swift in Sources */,
				440ECB912AF8130400E6BD5C /* CoreDataController.swift in Sources */,
				4489336C2B2FED9A00121DCE /* ImageSizePreferenceKey.swift in Sources */,
				4465BDB02B23CCC500DB97B1 /* CardDetailSaveError.swift in Sources */,
				4489337C2B31179700121DCE /* IngredientRecognitionHandler.swift in Sources */,
				440ECB812AF812F800E6BD5C /* RubberBanding.swift in Sources */,
				440ECB852AF812F800E6BD5C /* Card.swift in Sources */,
				44BF98132B0927EF00E24047 /* CardDetailViewModellable.swift in Sources */,
				440ECB862AF812F800E6BD5C /* SwipeableIngredient.swift in Sources */,
				4465BDAE2B23936800DB97B1 /* StringArray-Extensions.swift in Sources */,
			);
			runOnlyForDeploymentPostprocessing = 0;
		};
		44DDF3052AF811D0005D35D8 /* Sources */ = {
			isa = PBXSourcesBuildPhase;
			buildActionMask = 2147483647;
			files = (
				4480E1272B29454F0042DB44 /* UtilityFunctionTests.swift in Sources */,
				44CE19802B27CB66002D6E33 /* HomeViewModelTests.swift in Sources */,
				4441677A2B20364C005AF6BC /* EditCardViewModelTests.swift in Sources */,
				44CE197E2B27C463002D6E33 /* CreateCardViewModelInitializerTests.swift in Sources */,
				442957102B257416000D74CA /* CreateCardViewModelTests.swift in Sources */,
				44DDF30E2AF811D0005D35D8 /* GrocemateTests.swift in Sources */,
			);
			runOnlyForDeploymentPostprocessing = 0;
		};
		44DDF30F2AF811D0005D35D8 /* Sources */ = {
			isa = PBXSourcesBuildPhase;
			buildActionMask = 2147483647;
			files = (
				44DDF31A2AF811D0005D35D8 /* GrocemateUITestsLaunchTests.swift in Sources */,
				44DDF3182AF811D0005D35D8 /* GrocemateUITests.swift in Sources */,
			);
			runOnlyForDeploymentPostprocessing = 0;
		};
/* End PBXSourcesBuildPhase section */

/* Begin PBXTargetDependency section */
		44DDF30B2AF811D0005D35D8 /* PBXTargetDependency */ = {
			isa = PBXTargetDependency;
			target = 44DDF2F82AF811CE005D35D8 /* Grocemate */;
			targetProxy = 44DDF30A2AF811D0005D35D8 /* PBXContainerItemProxy */;
		};
		44DDF3152AF811D0005D35D8 /* PBXTargetDependency */ = {
			isa = PBXTargetDependency;
			target = 44DDF2F82AF811CE005D35D8 /* Grocemate */;
			targetProxy = 44DDF3142AF811D0005D35D8 /* PBXContainerItemProxy */;
		};
/* End PBXTargetDependency section */

/* Begin XCBuildConfiguration section */
		44DDF31B2AF811D0005D35D8 /* Debug */ = {
			isa = XCBuildConfiguration;
			buildSettings = {
				ALWAYS_SEARCH_USER_PATHS = NO;
				ASSETCATALOG_COMPILER_GENERATE_SWIFT_ASSET_SYMBOL_EXTENSIONS = YES;
				CLANG_ANALYZER_NONNULL = YES;
				CLANG_ANALYZER_NUMBER_OBJECT_CONVERSION = YES_AGGRESSIVE;
				CLANG_CXX_LANGUAGE_STANDARD = "gnu++20";
				CLANG_ENABLE_MODULES = YES;
				CLANG_ENABLE_OBJC_ARC = YES;
				CLANG_ENABLE_OBJC_WEAK = YES;
				CLANG_WARN_BLOCK_CAPTURE_AUTORELEASING = YES;
				CLANG_WARN_BOOL_CONVERSION = YES;
				CLANG_WARN_COMMA = YES;
				CLANG_WARN_CONSTANT_CONVERSION = YES;
				CLANG_WARN_DEPRECATED_OBJC_IMPLEMENTATIONS = YES;
				CLANG_WARN_DIRECT_OBJC_ISA_USAGE = YES_ERROR;
				CLANG_WARN_DOCUMENTATION_COMMENTS = YES;
				CLANG_WARN_EMPTY_BODY = YES;
				CLANG_WARN_ENUM_CONVERSION = YES;
				CLANG_WARN_INFINITE_RECURSION = YES;
				CLANG_WARN_INT_CONVERSION = YES;
				CLANG_WARN_NON_LITERAL_NULL_CONVERSION = YES;
				CLANG_WARN_OBJC_IMPLICIT_RETAIN_SELF = YES;
				CLANG_WARN_OBJC_LITERAL_CONVERSION = YES;
				CLANG_WARN_OBJC_ROOT_CLASS = YES_ERROR;
				CLANG_WARN_QUOTED_INCLUDE_IN_FRAMEWORK_HEADER = YES;
				CLANG_WARN_RANGE_LOOP_ANALYSIS = YES;
				CLANG_WARN_STRICT_PROTOTYPES = YES;
				CLANG_WARN_SUSPICIOUS_MOVE = YES;
				CLANG_WARN_UNGUARDED_AVAILABILITY = YES_AGGRESSIVE;
				CLANG_WARN_UNREACHABLE_CODE = YES;
				CLANG_WARN__DUPLICATE_METHOD_MATCH = YES;
				COPY_PHASE_STRIP = NO;
				DEBUG_INFORMATION_FORMAT = dwarf;
				ENABLE_STRICT_OBJC_MSGSEND = YES;
				ENABLE_TESTABILITY = YES;
				ENABLE_USER_SCRIPT_SANDBOXING = NO;
				GCC_C_LANGUAGE_STANDARD = gnu17;
				GCC_DYNAMIC_NO_PIC = NO;
				GCC_NO_COMMON_BLOCKS = YES;
				GCC_OPTIMIZATION_LEVEL = 0;
				GCC_PREPROCESSOR_DEFINITIONS = (
					"DEBUG=1",
					"$(inherited)",
				);
				GCC_WARN_64_TO_32_BIT_CONVERSION = YES;
				GCC_WARN_ABOUT_RETURN_TYPE = YES_ERROR;
				GCC_WARN_UNDECLARED_SELECTOR = YES;
				GCC_WARN_UNINITIALIZED_AUTOS = YES_AGGRESSIVE;
				GCC_WARN_UNUSED_FUNCTION = YES;
				GCC_WARN_UNUSED_VARIABLE = YES;
				IPHONEOS_DEPLOYMENT_TARGET = 16.0;
				LOCALIZATION_PREFERS_STRING_CATALOGS = YES;
				MTL_ENABLE_DEBUG_INFO = INCLUDE_SOURCE;
				MTL_FAST_MATH = YES;
				ONLY_ACTIVE_ARCH = YES;
				SDKROOT = iphoneos;
				SWIFT_ACTIVE_COMPILATION_CONDITIONS = "DEBUG $(inherited)";
				SWIFT_OPTIMIZATION_LEVEL = "-Onone";
			};
			name = Debug;
		};
		44DDF31C2AF811D0005D35D8 /* Release */ = {
			isa = XCBuildConfiguration;
			buildSettings = {
				ALWAYS_SEARCH_USER_PATHS = NO;
				ASSETCATALOG_COMPILER_GENERATE_SWIFT_ASSET_SYMBOL_EXTENSIONS = YES;
				CLANG_ANALYZER_NONNULL = YES;
				CLANG_ANALYZER_NUMBER_OBJECT_CONVERSION = YES_AGGRESSIVE;
				CLANG_CXX_LANGUAGE_STANDARD = "gnu++20";
				CLANG_ENABLE_MODULES = YES;
				CLANG_ENABLE_OBJC_ARC = YES;
				CLANG_ENABLE_OBJC_WEAK = YES;
				CLANG_WARN_BLOCK_CAPTURE_AUTORELEASING = YES;
				CLANG_WARN_BOOL_CONVERSION = YES;
				CLANG_WARN_COMMA = YES;
				CLANG_WARN_CONSTANT_CONVERSION = YES;
				CLANG_WARN_DEPRECATED_OBJC_IMPLEMENTATIONS = YES;
				CLANG_WARN_DIRECT_OBJC_ISA_USAGE = YES_ERROR;
				CLANG_WARN_DOCUMENTATION_COMMENTS = YES;
				CLANG_WARN_EMPTY_BODY = YES;
				CLANG_WARN_ENUM_CONVERSION = YES;
				CLANG_WARN_INFINITE_RECURSION = YES;
				CLANG_WARN_INT_CONVERSION = YES;
				CLANG_WARN_NON_LITERAL_NULL_CONVERSION = YES;
				CLANG_WARN_OBJC_IMPLICIT_RETAIN_SELF = YES;
				CLANG_WARN_OBJC_LITERAL_CONVERSION = YES;
				CLANG_WARN_OBJC_ROOT_CLASS = YES_ERROR;
				CLANG_WARN_QUOTED_INCLUDE_IN_FRAMEWORK_HEADER = YES;
				CLANG_WARN_RANGE_LOOP_ANALYSIS = YES;
				CLANG_WARN_STRICT_PROTOTYPES = YES;
				CLANG_WARN_SUSPICIOUS_MOVE = YES;
				CLANG_WARN_UNGUARDED_AVAILABILITY = YES_AGGRESSIVE;
				CLANG_WARN_UNREACHABLE_CODE = YES;
				CLANG_WARN__DUPLICATE_METHOD_MATCH = YES;
				COPY_PHASE_STRIP = NO;
				DEBUG_INFORMATION_FORMAT = "dwarf-with-dsym";
				ENABLE_NS_ASSERTIONS = NO;
				ENABLE_STRICT_OBJC_MSGSEND = YES;
				ENABLE_USER_SCRIPT_SANDBOXING = NO;
				GCC_C_LANGUAGE_STANDARD = gnu17;
				GCC_NO_COMMON_BLOCKS = YES;
				GCC_WARN_64_TO_32_BIT_CONVERSION = YES;
				GCC_WARN_ABOUT_RETURN_TYPE = YES_ERROR;
				GCC_WARN_UNDECLARED_SELECTOR = YES;
				GCC_WARN_UNINITIALIZED_AUTOS = YES_AGGRESSIVE;
				GCC_WARN_UNUSED_FUNCTION = YES;
				GCC_WARN_UNUSED_VARIABLE = YES;
				IPHONEOS_DEPLOYMENT_TARGET = 16.0;
				LOCALIZATION_PREFERS_STRING_CATALOGS = YES;
				MTL_ENABLE_DEBUG_INFO = NO;
				MTL_FAST_MATH = YES;
				SDKROOT = iphoneos;
				SWIFT_COMPILATION_MODE = wholemodule;
				VALIDATE_PRODUCT = YES;
			};
			name = Release;
		};
		44DDF31E2AF811D0005D35D8 /* Debug */ = {
			isa = XCBuildConfiguration;
			baseConfigurationReference = 44C2C0A72B3283C9008B3F9A /* Config.xcconfig */;
			buildSettings = {
				ASSETCATALOG_COMPILER_APPICON_NAME = AppIcon;
				ASSETCATALOG_COMPILER_GLOBAL_ACCENT_COLOR_NAME = AccentColor;
				CODE_SIGN_ENTITLEMENTS = Grocemate/Grocemate.entitlements;
				CODE_SIGN_STYLE = Automatic;
				CURRENT_PROJECT_VERSION = 1;
				DEVELOPMENT_ASSET_PATHS = "\"Grocemate/Preview Content\"";
				DEVELOPMENT_TEAM = E24P6RF94S;
				ENABLE_PREVIEWS = YES;
				GENERATE_INFOPLIST_FILE = YES;
				INFOPLIST_FILE = Grocemate/Info.plist;
				INFOPLIST_KEY_NSCameraUsageDescription = "Allow camera access to scan and process a picture of some ingredients.";
				INFOPLIST_KEY_UIApplicationSceneManifest_Generation = YES;
				INFOPLIST_KEY_UIApplicationSupportsIndirectInputEvents = YES;
				INFOPLIST_KEY_UILaunchScreen_Generation = YES;
				INFOPLIST_KEY_UISupportedInterfaceOrientations_iPad = "UIInterfaceOrientationPortrait UIInterfaceOrientationPortraitUpsideDown UIInterfaceOrientationLandscapeLeft UIInterfaceOrientationLandscapeRight";
				INFOPLIST_KEY_UISupportedInterfaceOrientations_iPhone = "UIInterfaceOrientationPortrait UIInterfaceOrientationLandscapeLeft UIInterfaceOrientationLandscapeRight";
				IPHONEOS_DEPLOYMENT_TARGET = 16.1;
				LD_RUNPATH_SEARCH_PATHS = (
					"$(inherited)",
					"@executable_path/Frameworks",
				);
				MARKETING_VERSION = 1.0;
				PRODUCT_BUNDLE_IDENTIFIER = com.giorgio.Grocemate;
				PRODUCT_NAME = "$(TARGET_NAME)";
				SWIFT_EMIT_LOC_STRINGS = YES;
				SWIFT_VERSION = 5.0;
				TARGETED_DEVICE_FAMILY = "1,2";
			};
			name = Debug;
		};
		44DDF31F2AF811D0005D35D8 /* Release */ = {
			isa = XCBuildConfiguration;
			buildSettings = {
				ASSETCATALOG_COMPILER_APPICON_NAME = AppIcon;
				ASSETCATALOG_COMPILER_GLOBAL_ACCENT_COLOR_NAME = AccentColor;
				CODE_SIGN_ENTITLEMENTS = Grocemate/Grocemate.entitlements;
				CODE_SIGN_STYLE = Automatic;
				CURRENT_PROJECT_VERSION = 1;
				DEVELOPMENT_ASSET_PATHS = "\"Grocemate/Preview Content\"";
				DEVELOPMENT_TEAM = E24P6RF94S;
				ENABLE_PREVIEWS = YES;
				GENERATE_INFOPLIST_FILE = YES;
				INFOPLIST_FILE = Grocemate/Info.plist;
				INFOPLIST_KEY_NSCameraUsageDescription = "Allow camera access to scan and process a picture of some ingredients.";
				INFOPLIST_KEY_UIApplicationSceneManifest_Generation = YES;
				INFOPLIST_KEY_UIApplicationSupportsIndirectInputEvents = YES;
				INFOPLIST_KEY_UILaunchScreen_Generation = YES;
				INFOPLIST_KEY_UISupportedInterfaceOrientations_iPad = "UIInterfaceOrientationPortrait UIInterfaceOrientationPortraitUpsideDown UIInterfaceOrientationLandscapeLeft UIInterfaceOrientationLandscapeRight";
				INFOPLIST_KEY_UISupportedInterfaceOrientations_iPhone = "UIInterfaceOrientationPortrait UIInterfaceOrientationLandscapeLeft UIInterfaceOrientationLandscapeRight";
				IPHONEOS_DEPLOYMENT_TARGET = 16.1;
				LD_RUNPATH_SEARCH_PATHS = (
					"$(inherited)",
					"@executable_path/Frameworks",
				);
				MARKETING_VERSION = 1.0;
				PRODUCT_BUNDLE_IDENTIFIER = com.giorgio.Grocemate;
				PRODUCT_NAME = "$(TARGET_NAME)";
				SWIFT_EMIT_LOC_STRINGS = YES;
				SWIFT_VERSION = 5.0;
				TARGETED_DEVICE_FAMILY = "1,2";
			};
			name = Release;
		};
		44DDF3212AF811D0005D35D8 /* Debug */ = {
			isa = XCBuildConfiguration;
			buildSettings = {
				ALWAYS_EMBED_SWIFT_STANDARD_LIBRARIES = YES;
				BUNDLE_LOADER = "$(TEST_HOST)";
				CODE_SIGN_STYLE = Automatic;
				CURRENT_PROJECT_VERSION = 1;
				DEVELOPMENT_TEAM = E24P6RF94S;
				GENERATE_INFOPLIST_FILE = YES;
				IPHONEOS_DEPLOYMENT_TARGET = 17.0;
				MARKETING_VERSION = 1.0;
				PRODUCT_BUNDLE_IDENTIFIER = com.giorgio.GrocemateTests;
				PRODUCT_NAME = "$(TARGET_NAME)";
				SWIFT_EMIT_LOC_STRINGS = NO;
				SWIFT_VERSION = 5.0;
				TARGETED_DEVICE_FAMILY = "1,2";
				TEST_HOST = "$(BUILT_PRODUCTS_DIR)/Grocemate.app/$(BUNDLE_EXECUTABLE_FOLDER_PATH)/Grocemate";
			};
			name = Debug;
		};
		44DDF3222AF811D0005D35D8 /* Release */ = {
			isa = XCBuildConfiguration;
			buildSettings = {
				ALWAYS_EMBED_SWIFT_STANDARD_LIBRARIES = YES;
				BUNDLE_LOADER = "$(TEST_HOST)";
				CODE_SIGN_STYLE = Automatic;
				CURRENT_PROJECT_VERSION = 1;
				DEVELOPMENT_TEAM = E24P6RF94S;
				GENERATE_INFOPLIST_FILE = YES;
				IPHONEOS_DEPLOYMENT_TARGET = 17.0;
				MARKETING_VERSION = 1.0;
				PRODUCT_BUNDLE_IDENTIFIER = com.giorgio.GrocemateTests;
				PRODUCT_NAME = "$(TARGET_NAME)";
				SWIFT_EMIT_LOC_STRINGS = NO;
				SWIFT_VERSION = 5.0;
				TARGETED_DEVICE_FAMILY = "1,2";
				TEST_HOST = "$(BUILT_PRODUCTS_DIR)/Grocemate.app/$(BUNDLE_EXECUTABLE_FOLDER_PATH)/Grocemate";
			};
			name = Release;
		};
		44DDF3242AF811D0005D35D8 /* Debug */ = {
			isa = XCBuildConfiguration;
			buildSettings = {
				ALWAYS_EMBED_SWIFT_STANDARD_LIBRARIES = YES;
				CODE_SIGN_STYLE = Automatic;
				CURRENT_PROJECT_VERSION = 1;
				DEVELOPMENT_TEAM = E24P6RF94S;
				GENERATE_INFOPLIST_FILE = YES;
				MARKETING_VERSION = 1.0;
				PRODUCT_BUNDLE_IDENTIFIER = com.giorgio.GrocemateUITests;
				PRODUCT_NAME = "$(TARGET_NAME)";
				SWIFT_EMIT_LOC_STRINGS = NO;
				SWIFT_VERSION = 5.0;
				TARGETED_DEVICE_FAMILY = "1,2";
				TEST_TARGET_NAME = Grocemate;
			};
			name = Debug;
		};
		44DDF3252AF811D0005D35D8 /* Release */ = {
			isa = XCBuildConfiguration;
			buildSettings = {
				ALWAYS_EMBED_SWIFT_STANDARD_LIBRARIES = YES;
				CODE_SIGN_STYLE = Automatic;
				CURRENT_PROJECT_VERSION = 1;
				DEVELOPMENT_TEAM = E24P6RF94S;
				GENERATE_INFOPLIST_FILE = YES;
				MARKETING_VERSION = 1.0;
				PRODUCT_BUNDLE_IDENTIFIER = com.giorgio.GrocemateUITests;
				PRODUCT_NAME = "$(TARGET_NAME)";
				SWIFT_EMIT_LOC_STRINGS = NO;
				SWIFT_VERSION = 5.0;
				TARGETED_DEVICE_FAMILY = "1,2";
				TEST_TARGET_NAME = Grocemate;
			};
			name = Release;
		};
/* End XCBuildConfiguration section */

/* Begin XCConfigurationList section */
		44DDF2F42AF811CE005D35D8 /* Build configuration list for PBXProject "Grocemate" */ = {
			isa = XCConfigurationList;
			buildConfigurations = (
				44DDF31B2AF811D0005D35D8 /* Debug */,
				44DDF31C2AF811D0005D35D8 /* Release */,
			);
			defaultConfigurationIsVisible = 0;
			defaultConfigurationName = Release;
		};
		44DDF31D2AF811D0005D35D8 /* Build configuration list for PBXNativeTarget "Grocemate" */ = {
			isa = XCConfigurationList;
			buildConfigurations = (
				44DDF31E2AF811D0005D35D8 /* Debug */,
				44DDF31F2AF811D0005D35D8 /* Release */,
			);
			defaultConfigurationIsVisible = 0;
			defaultConfigurationName = Release;
		};
		44DDF3202AF811D0005D35D8 /* Build configuration list for PBXNativeTarget "GrocemateTests" */ = {
			isa = XCConfigurationList;
			buildConfigurations = (
				44DDF3212AF811D0005D35D8 /* Debug */,
				44DDF3222AF811D0005D35D8 /* Release */,
			);
			defaultConfigurationIsVisible = 0;
			defaultConfigurationName = Release;
		};
		44DDF3232AF811D0005D35D8 /* Build configuration list for PBXNativeTarget "GrocemateUITests" */ = {
			isa = XCConfigurationList;
			buildConfigurations = (
				44DDF3242AF811D0005D35D8 /* Debug */,
				44DDF3252AF811D0005D35D8 /* Release */,
			);
			defaultConfigurationIsVisible = 0;
			defaultConfigurationName = Release;
		};
/* End XCConfigurationList section */

/* Begin XCVersionGroup section */
		440ECB9A2AF8134A00E6BD5C /* GrocemateDataModel.xcdatamodeld */ = {
			isa = XCVersionGroup;
			children = (
				440ECB9B2AF8134A00E6BD5C /* GrocemateDataModel.xcdatamodel */,
			);
			currentVersion = 440ECB9B2AF8134A00E6BD5C /* GrocemateDataModel.xcdatamodel */;
			path = GrocemateDataModel.xcdatamodeld;
			sourceTree = "<group>";
			versionGroupType = wrapper.xcdatamodel;
		};
/* End XCVersionGroup section */
	};
	rootObject = 44DDF2F12AF811CE005D35D8 /* Project object */;
}
